
Microsoft Visual Studio Solution File, Format Version 12.00
# Visual Studio 15
VisualStudioVersion = 15.0.26124.0
MinimumVisualStudioVersion = 15.0.26124.0
Project("{FAE04EC0-301F-11D3-BF4B-00C04F79EFBC}") = "Trace", "Trace\Trace.csproj", "{C29CE1E5-2C0D-400C-86CE-A3EF967812E4}"
EndProject
Project("{FAE04EC0-301F-11D3-BF4B-00C04F79EFBC}") = "Trace.Data", "Trace.Data\Trace.Data.csproj", "{68220480-20E9-4311-879B-C2743D127DFD}"
EndProject
Project("{2150E333-8FDC-42A3-9474-1A3956D46DE8}") = "Extensions", "Extensions", "{4D51C0C7-2D0C-4A48-9F3E-607F5E13988F}"
EndProject
Project("{FAE04EC0-301F-11D3-BF4B-00C04F79EFBC}") = "Configuration", "Extensions\Configuration\Extensions.Configuration.csproj", "{2D93D1EA-C5DF-4DB7-8B0E-D405E6389B80}"
EndProject
Project("{FAE04EC0-301F-11D3-BF4B-00C04F79EFBC}") = "AspNetCore", "Extensions\AspNetCore\Extensions.AspNetCore.csproj", "{CDA6DD1E-5D0D-43A9-B570-49695E6BB154}"
EndProject
Project("{FAE04EC0-301F-11D3-BF4B-00C04F79EFBC}") = "Extensions.Serilog.Seq", "Extensions\Serilog.Seq\Extensions.Serilog.Seq.csproj", "{435E470B-3C26-4DBF-A232-F1F88FF3FA52}"
EndProject
Project("{FAE04EC0-301F-11D3-BF4B-00C04F79EFBC}") = "Extensions.Serilog.Systemd", "Extensions\Serilog.Systemd\Extensions.Serilog.Systemd.csproj", "{1F67BD34-B720-4F1B-ACC0-58DA872808C3}"
EndProject
Global
	GlobalSection(SolutionConfigurationPlatforms) = preSolution
		Debug|Any CPU = Debug|Any CPU
		Debug|x64 = Debug|x64
		Debug|x86 = Debug|x86
		Release|Any CPU = Release|Any CPU
		Release|x64 = Release|x64
		Release|x86 = Release|x86
	EndGlobalSection
	GlobalSection(SolutionProperties) = preSolution
		HideSolutionNode = FALSE
	EndGlobalSection
	GlobalSection(ProjectConfigurationPlatforms) = postSolution
		{C29CE1E5-2C0D-400C-86CE-A3EF967812E4}.Debug|Any CPU.ActiveCfg = Debug|Any CPU
		{C29CE1E5-2C0D-400C-86CE-A3EF967812E4}.Debug|Any CPU.Build.0 = Debug|Any CPU
		{C29CE1E5-2C0D-400C-86CE-A3EF967812E4}.Debug|x64.ActiveCfg = Debug|Any CPU
		{C29CE1E5-2C0D-400C-86CE-A3EF967812E4}.Debug|x64.Build.0 = Debug|Any CPU
		{C29CE1E5-2C0D-400C-86CE-A3EF967812E4}.Debug|x86.ActiveCfg = Debug|Any CPU
		{C29CE1E5-2C0D-400C-86CE-A3EF967812E4}.Debug|x86.Build.0 = Debug|Any CPU
		{C29CE1E5-2C0D-400C-86CE-A3EF967812E4}.Release|Any CPU.ActiveCfg = Release|Any CPU
		{C29CE1E5-2C0D-400C-86CE-A3EF967812E4}.Release|Any CPU.Build.0 = Release|Any CPU
		{C29CE1E5-2C0D-400C-86CE-A3EF967812E4}.Release|x64.ActiveCfg = Release|Any CPU
		{C29CE1E5-2C0D-400C-86CE-A3EF967812E4}.Release|x64.Build.0 = Release|Any CPU
		{C29CE1E5-2C0D-400C-86CE-A3EF967812E4}.Release|x86.ActiveCfg = Release|Any CPU
		{C29CE1E5-2C0D-400C-86CE-A3EF967812E4}.Release|x86.Build.0 = Release|Any CPU
		{68220480-20E9-4311-879B-C2743D127DFD}.Debug|Any CPU.ActiveCfg = Debug|Any CPU
		{68220480-20E9-4311-879B-C2743D127DFD}.Debug|Any CPU.Build.0 = Debug|Any CPU
		{68220480-20E9-4311-879B-C2743D127DFD}.Debug|x64.ActiveCfg = Debug|Any CPU
		{68220480-20E9-4311-879B-C2743D127DFD}.Debug|x64.Build.0 = Debug|Any CPU
		{68220480-20E9-4311-879B-C2743D127DFD}.Debug|x86.ActiveCfg = Debug|Any CPU
		{68220480-20E9-4311-879B-C2743D127DFD}.Debug|x86.Build.0 = Debug|Any CPU
		{68220480-20E9-4311-879B-C2743D127DFD}.Release|Any CPU.ActiveCfg = Release|Any CPU
		{68220480-20E9-4311-879B-C2743D127DFD}.Release|Any CPU.Build.0 = Release|Any CPU
		{68220480-20E9-4311-879B-C2743D127DFD}.Release|x64.ActiveCfg = Release|Any CPU
		{68220480-20E9-4311-879B-C2743D127DFD}.Release|x64.Build.0 = Release|Any CPU
		{68220480-20E9-4311-879B-C2743D127DFD}.Release|x86.ActiveCfg = Release|Any CPU
		{68220480-20E9-4311-879B-C2743D127DFD}.Release|x86.Build.0 = Release|Any CPU
		{2D93D1EA-C5DF-4DB7-8B0E-D405E6389B80}.Debug|Any CPU.ActiveCfg = Debug|Any CPU
		{2D93D1EA-C5DF-4DB7-8B0E-D405E6389B80}.Debug|Any CPU.Build.0 = Debug|Any CPU
		{2D93D1EA-C5DF-4DB7-8B0E-D405E6389B80}.Debug|x64.ActiveCfg = Debug|Any CPU
		{2D93D1EA-C5DF-4DB7-8B0E-D405E6389B80}.Debug|x64.Build.0 = Debug|Any CPU
		{2D93D1EA-C5DF-4DB7-8B0E-D405E6389B80}.Debug|x86.ActiveCfg = Debug|Any CPU
		{2D93D1EA-C5DF-4DB7-8B0E-D405E6389B80}.Debug|x86.Build.0 = Debug|Any CPU
		{2D93D1EA-C5DF-4DB7-8B0E-D405E6389B80}.Release|Any CPU.ActiveCfg = Release|Any CPU
		{2D93D1EA-C5DF-4DB7-8B0E-D405E6389B80}.Release|Any CPU.Build.0 = Release|Any CPU
		{2D93D1EA-C5DF-4DB7-8B0E-D405E6389B80}.Release|x64.ActiveCfg = Release|Any CPU
		{2D93D1EA-C5DF-4DB7-8B0E-D405E6389B80}.Release|x64.Build.0 = Release|Any CPU
		{2D93D1EA-C5DF-4DB7-8B0E-D405E6389B80}.Release|x86.ActiveCfg = Release|Any CPU
		{2D93D1EA-C5DF-4DB7-8B0E-D405E6389B80}.Release|x86.Build.0 = Release|Any CPU
		{CDA6DD1E-5D0D-43A9-B570-49695E6BB154}.Debug|Any CPU.ActiveCfg = Debug|Any CPU
		{CDA6DD1E-5D0D-43A9-B570-49695E6BB154}.Debug|Any CPU.Build.0 = Debug|Any CPU
		{CDA6DD1E-5D0D-43A9-B570-49695E6BB154}.Debug|x64.ActiveCfg = Debug|Any CPU
		{CDA6DD1E-5D0D-43A9-B570-49695E6BB154}.Debug|x64.Build.0 = Debug|Any CPU
		{CDA6DD1E-5D0D-43A9-B570-49695E6BB154}.Debug|x86.ActiveCfg = Debug|Any CPU
		{CDA6DD1E-5D0D-43A9-B570-49695E6BB154}.Debug|x86.Build.0 = Debug|Any CPU
		{CDA6DD1E-5D0D-43A9-B570-49695E6BB154}.Release|Any CPU.ActiveCfg = Release|Any CPU
		{CDA6DD1E-5D0D-43A9-B570-49695E6BB154}.Release|Any CPU.Build.0 = Release|Any CPU
		{CDA6DD1E-5D0D-43A9-B570-49695E6BB154}.Release|x64.ActiveCfg = Release|Any CPU
		{CDA6DD1E-5D0D-43A9-B570-49695E6BB154}.Release|x64.Build.0 = Release|Any CPU
		{CDA6DD1E-5D0D-43A9-B570-49695E6BB154}.Release|x86.ActiveCfg = Release|Any CPU
		{CDA6DD1E-5D0D-43A9-B570-49695E6BB154}.Release|x86.Build.0 = Release|Any CPU
		{435E470B-3C26-4DBF-A232-F1F88FF3FA52}.Debug|Any CPU.ActiveCfg = Debug|Any CPU
		{435E470B-3C26-4DBF-A232-F1F88FF3FA52}.Debug|Any CPU.Build.0 = Debug|Any CPU
		{435E470B-3C26-4DBF-A232-F1F88FF3FA52}.Debug|x64.ActiveCfg = Debug|Any CPU
		{435E470B-3C26-4DBF-A232-F1F88FF3FA52}.Debug|x64.Build.0 = Debug|Any CPU
		{435E470B-3C26-4DBF-A232-F1F88FF3FA52}.Debug|x86.ActiveCfg = Debug|Any CPU
		{435E470B-3C26-4DBF-A232-F1F88FF3FA52}.Debug|x86.Build.0 = Debug|Any CPU
		{435E470B-3C26-4DBF-A232-F1F88FF3FA52}.Release|Any CPU.ActiveCfg = Release|Any CPU
		{435E470B-3C26-4DBF-A232-F1F88FF3FA52}.Release|Any CPU.Build.0 = Release|Any CPU
		{435E470B-3C26-4DBF-A232-F1F88FF3FA52}.Release|x64.ActiveCfg = Release|Any CPU
		{435E470B-3C26-4DBF-A232-F1F88FF3FA52}.Release|x64.Build.0 = Release|Any CPU
		{435E470B-3C26-4DBF-A232-F1F88FF3FA52}.Release|x86.ActiveCfg = Release|Any CPU
		{435E470B-3C26-4DBF-A232-F1F88FF3FA52}.Release|x86.Build.0 = Release|Any CPU
		{1F67BD34-B720-4F1B-ACC0-58DA872808C3}.Debug|Any CPU.ActiveCfg = Debug|Any CPU
		{1F67BD34-B720-4F1B-ACC0-58DA872808C3}.Debug|Any CPU.Build.0 = Debug|Any CPU
		{1F67BD34-B720-4F1B-ACC0-58DA872808C3}.Debug|x64.ActiveCfg = Debug|Any CPU
		{1F67BD34-B720-4F1B-ACC0-58DA872808C3}.Debug|x64.Build.0 = Debug|Any CPU
		{1F67BD34-B720-4F1B-ACC0-58DA872808C3}.Debug|x86.ActiveCfg = Debug|Any CPU
		{1F67BD34-B720-4F1B-ACC0-58DA872808C3}.Debug|x86.Build.0 = Debug|Any CPU
		{1F67BD34-B720-4F1B-ACC0-58DA872808C3}.Release|Any CPU.ActiveCfg = Release|Any CPU
		{1F67BD34-B720-4F1B-ACC0-58DA872808C3}.Release|Any CPU.Build.0 = Release|Any CPU
		{1F67BD34-B720-4F1B-ACC0-58DA872808C3}.Release|x64.ActiveCfg = Release|Any CPU
		{1F67BD34-B720-4F1B-ACC0-58DA872808C3}.Release|x64.Build.0 = Release|Any CPU
		{1F67BD34-B720-4F1B-ACC0-58DA872808C3}.Release|x86.ActiveCfg = Release|Any CPU
		{1F67BD34-B720-4F1B-ACC0-58DA872808C3}.Release|x86.Build.0 = Release|Any CPU
	EndGlobalSection
	GlobalSection(NestedProjects) = preSolution
		{2D93D1EA-C5DF-4DB7-8B0E-D405E6389B80} = {4D51C0C7-2D0C-4A48-9F3E-607F5E13988F}
		{CDA6DD1E-5D0D-43A9-B570-49695E6BB154} = {4D51C0C7-2D0C-4A48-9F3E-607F5E13988F}
		{435E470B-3C26-4DBF-A232-F1F88FF3FA52} = {4D51C0C7-2D0C-4A48-9F3E-607F5E13988F}
		{1F67BD34-B720-4F1B-ACC0-58DA872808C3} = {4D51C0C7-2D0C-4A48-9F3E-607F5E13988F}
	EndGlobalSection
EndGlobal
