
Microsoft Visual Studio Solution File, Format Version 12.00
# Visual Studio 15
VisualStudioVersion = 15.0.26124.0
MinimumVisualStudioVersion = 15.0.26124.0
Project("{FAE04EC0-301F-11D3-BF4B-00C04F79EFBC}") = "Trace", "Trace\Trace.csproj", "{C29CE1E5-2C0D-400C-86CE-A3EF967812E4}"
EndProject
Project("{2150E333-8FDC-42A3-9474-1A3956D46DE8}") = "Shared", "Shared", "{4D51C0C7-2D0C-4A48-9F3E-607F5E13988F}"
EndProject
Project("{FAE04EC0-301F-11D3-BF4B-00C04F79EFBC}") = "Configuration", "Shared\Configuration\Shared.Configuration.csproj", "{2D93D1EA-C5DF-4DB7-8B0E-D405E6389B80}"
EndProject
Project("{FAE04EC0-301F-11D3-BF4B-00C04F79EFBC}") = "AspNetCore", "Shared\AspNetCore\Shared.AspNetCore.csproj", "{CDA6DD1E-5D0D-43A9-B570-49695E6BB154}"
EndProject
Project("{FAE04EC0-301F-11D3-BF4B-00C04F79EFBC}") = "Shared.Serilog.Seq", "Shared\Serilog.Seq\Shared.Serilog.Seq.csproj", "{435E470B-3C26-4DBF-A232-F1F88FF3FA52}"
EndProject
Project("{FAE04EC0-301F-11D3-BF4B-00C04F79EFBC}") = "Shared.Serilog.Systemd", "Shared\Serilog.Systemd\Shared.Serilog.Systemd.csproj", "{1F67BD34-B720-4F1B-ACC0-58DA872808C3}"
EndProject
Project("{FAE04EC0-301F-11D3-BF4B-00C04F79EFBC}") = "Shared.Configuration.Vault", "Shared\Configuration.Vault\Shared.Configuration.Vault.csproj", "{11375881-7E74-4FD9-B314-69C32296213F}"
EndProject
Project("{FAE04EC0-301F-11D3-BF4B-00C04F79EFBC}") = "Shared.AspNetCore.Identity", "Shared\AspNetCore.Identity\Shared.AspNetCore.Identity.csproj", "{EDA35122-AF04-4363-963B-26F8DE52C934}"
EndProject
Project("{FAE04EC0-301F-11D3-BF4B-00C04F79EFBC}") = "Trace.Tests", "Trace.Tests\Trace.Tests.csproj", "{33CDF780-6051-446B-9E6E-04D4B844CBDB}"
EndProject
Project("{2150E333-8FDC-42A3-9474-1A3956D46DE8}") = "Twitch", "Twitch", "{71F30094-41AD-4976-90B0-6F262834EA24}"
EndProject
Project("{FAE04EC0-301F-11D3-BF4B-00C04F79EFBC}") = "Tmi", "Twitch\src\Tmi\Tmi.csproj", "{4D67C1D7-EDD2-4AA6-AC1C-06CA54533CB2}"
EndProject
Project("{FAE04EC0-301F-11D3-BF4B-00C04F79EFBC}") = "Ws", "Twitch\src\Ws\Ws.csproj", "{325E67F0-993D-49A7-BD40-972C748B5221}"
EndProject
Project("{FAE04EC0-301F-11D3-BF4B-00C04F79EFBC}") = "EventSub", "Twitch\src\EventSub\EventSub.csproj", "{EDDCD97A-2354-4F5B-9EC9-EF4786543005}"
EndProject
Global
	GlobalSection(SolutionConfigurationPlatforms) = preSolution
		Debug|Any CPU = Debug|Any CPU
		Debug|x64 = Debug|x64
		Debug|x86 = Debug|x86
		Release|Any CPU = Release|Any CPU
		Release|x64 = Release|x64
		Release|x86 = Release|x86
	EndGlobalSection
	GlobalSection(SolutionProperties) = preSolution
		HideSolutionNode = FALSE
	EndGlobalSection
	GlobalSection(ProjectConfigurationPlatforms) = postSolution
		{C29CE1E5-2C0D-400C-86CE-A3EF967812E4}.Debug|Any CPU.ActiveCfg = Debug|Any CPU
		{C29CE1E5-2C0D-400C-86CE-A3EF967812E4}.Debug|Any CPU.Build.0 = Debug|Any CPU
		{C29CE1E5-2C0D-400C-86CE-A3EF967812E4}.Debug|x64.ActiveCfg = Debug|Any CPU
		{C29CE1E5-2C0D-400C-86CE-A3EF967812E4}.Debug|x64.Build.0 = Debug|Any CPU
		{C29CE1E5-2C0D-400C-86CE-A3EF967812E4}.Debug|x86.ActiveCfg = Debug|Any CPU
		{C29CE1E5-2C0D-400C-86CE-A3EF967812E4}.Debug|x86.Build.0 = Debug|Any CPU
		{C29CE1E5-2C0D-400C-86CE-A3EF967812E4}.Release|Any CPU.ActiveCfg = Release|Any CPU
		{C29CE1E5-2C0D-400C-86CE-A3EF967812E4}.Release|Any CPU.Build.0 = Release|Any CPU
		{C29CE1E5-2C0D-400C-86CE-A3EF967812E4}.Release|x64.ActiveCfg = Release|Any CPU
		{C29CE1E5-2C0D-400C-86CE-A3EF967812E4}.Release|x64.Build.0 = Release|Any CPU
		{C29CE1E5-2C0D-400C-86CE-A3EF967812E4}.Release|x86.ActiveCfg = Release|Any CPU
		{C29CE1E5-2C0D-400C-86CE-A3EF967812E4}.Release|x86.Build.0 = Release|Any CPU
		{2D93D1EA-C5DF-4DB7-8B0E-D405E6389B80}.Debug|Any CPU.ActiveCfg = Debug|Any CPU
		{2D93D1EA-C5DF-4DB7-8B0E-D405E6389B80}.Debug|Any CPU.Build.0 = Debug|Any CPU
		{2D93D1EA-C5DF-4DB7-8B0E-D405E6389B80}.Debug|x64.ActiveCfg = Debug|Any CPU
		{2D93D1EA-C5DF-4DB7-8B0E-D405E6389B80}.Debug|x64.Build.0 = Debug|Any CPU
		{2D93D1EA-C5DF-4DB7-8B0E-D405E6389B80}.Debug|x86.ActiveCfg = Debug|Any CPU
		{2D93D1EA-C5DF-4DB7-8B0E-D405E6389B80}.Debug|x86.Build.0 = Debug|Any CPU
		{2D93D1EA-C5DF-4DB7-8B0E-D405E6389B80}.Release|Any CPU.ActiveCfg = Release|Any CPU
		{2D93D1EA-C5DF-4DB7-8B0E-D405E6389B80}.Release|Any CPU.Build.0 = Release|Any CPU
		{2D93D1EA-C5DF-4DB7-8B0E-D405E6389B80}.Release|x64.ActiveCfg = Release|Any CPU
		{2D93D1EA-C5DF-4DB7-8B0E-D405E6389B80}.Release|x64.Build.0 = Release|Any CPU
		{2D93D1EA-C5DF-4DB7-8B0E-D405E6389B80}.Release|x86.ActiveCfg = Release|Any CPU
		{2D93D1EA-C5DF-4DB7-8B0E-D405E6389B80}.Release|x86.Build.0 = Release|Any CPU
		{CDA6DD1E-5D0D-43A9-B570-49695E6BB154}.Debug|Any CPU.ActiveCfg = Debug|Any CPU
		{CDA6DD1E-5D0D-43A9-B570-49695E6BB154}.Debug|Any CPU.Build.0 = Debug|Any CPU
		{CDA6DD1E-5D0D-43A9-B570-49695E6BB154}.Debug|x64.ActiveCfg = Debug|Any CPU
		{CDA6DD1E-5D0D-43A9-B570-49695E6BB154}.Debug|x64.Build.0 = Debug|Any CPU
		{CDA6DD1E-5D0D-43A9-B570-49695E6BB154}.Debug|x86.ActiveCfg = Debug|Any CPU
		{CDA6DD1E-5D0D-43A9-B570-49695E6BB154}.Debug|x86.Build.0 = Debug|Any CPU
		{CDA6DD1E-5D0D-43A9-B570-49695E6BB154}.Release|Any CPU.ActiveCfg = Release|Any CPU
		{CDA6DD1E-5D0D-43A9-B570-49695E6BB154}.Release|Any CPU.Build.0 = Release|Any CPU
		{CDA6DD1E-5D0D-43A9-B570-49695E6BB154}.Release|x64.ActiveCfg = Release|Any CPU
		{CDA6DD1E-5D0D-43A9-B570-49695E6BB154}.Release|x64.Build.0 = Release|Any CPU
		{CDA6DD1E-5D0D-43A9-B570-49695E6BB154}.Release|x86.ActiveCfg = Release|Any CPU
		{CDA6DD1E-5D0D-43A9-B570-49695E6BB154}.Release|x86.Build.0 = Release|Any CPU
		{435E470B-3C26-4DBF-A232-F1F88FF3FA52}.Debug|Any CPU.ActiveCfg = Debug|Any CPU
		{435E470B-3C26-4DBF-A232-F1F88FF3FA52}.Debug|Any CPU.Build.0 = Debug|Any CPU
		{435E470B-3C26-4DBF-A232-F1F88FF3FA52}.Debug|x64.ActiveCfg = Debug|Any CPU
		{435E470B-3C26-4DBF-A232-F1F88FF3FA52}.Debug|x64.Build.0 = Debug|Any CPU
		{435E470B-3C26-4DBF-A232-F1F88FF3FA52}.Debug|x86.ActiveCfg = Debug|Any CPU
		{435E470B-3C26-4DBF-A232-F1F88FF3FA52}.Debug|x86.Build.0 = Debug|Any CPU
		{435E470B-3C26-4DBF-A232-F1F88FF3FA52}.Release|Any CPU.ActiveCfg = Release|Any CPU
		{435E470B-3C26-4DBF-A232-F1F88FF3FA52}.Release|Any CPU.Build.0 = Release|Any CPU
		{435E470B-3C26-4DBF-A232-F1F88FF3FA52}.Release|x64.ActiveCfg = Release|Any CPU
		{435E470B-3C26-4DBF-A232-F1F88FF3FA52}.Release|x64.Build.0 = Release|Any CPU
		{435E470B-3C26-4DBF-A232-F1F88FF3FA52}.Release|x86.ActiveCfg = Release|Any CPU
		{435E470B-3C26-4DBF-A232-F1F88FF3FA52}.Release|x86.Build.0 = Release|Any CPU
		{1F67BD34-B720-4F1B-ACC0-58DA872808C3}.Debug|Any CPU.ActiveCfg = Debug|Any CPU
		{1F67BD34-B720-4F1B-ACC0-58DA872808C3}.Debug|Any CPU.Build.0 = Debug|Any CPU
		{1F67BD34-B720-4F1B-ACC0-58DA872808C3}.Debug|x64.ActiveCfg = Debug|Any CPU
		{1F67BD34-B720-4F1B-ACC0-58DA872808C3}.Debug|x64.Build.0 = Debug|Any CPU
		{1F67BD34-B720-4F1B-ACC0-58DA872808C3}.Debug|x86.ActiveCfg = Debug|Any CPU
		{1F67BD34-B720-4F1B-ACC0-58DA872808C3}.Debug|x86.Build.0 = Debug|Any CPU
		{1F67BD34-B720-4F1B-ACC0-58DA872808C3}.Release|Any CPU.ActiveCfg = Release|Any CPU
		{1F67BD34-B720-4F1B-ACC0-58DA872808C3}.Release|Any CPU.Build.0 = Release|Any CPU
		{1F67BD34-B720-4F1B-ACC0-58DA872808C3}.Release|x64.ActiveCfg = Release|Any CPU
		{1F67BD34-B720-4F1B-ACC0-58DA872808C3}.Release|x64.Build.0 = Release|Any CPU
		{1F67BD34-B720-4F1B-ACC0-58DA872808C3}.Release|x86.ActiveCfg = Release|Any CPU
		{1F67BD34-B720-4F1B-ACC0-58DA872808C3}.Release|x86.Build.0 = Release|Any CPU
		{11375881-7E74-4FD9-B314-69C32296213F}.Debug|Any CPU.ActiveCfg = Debug|Any CPU
		{11375881-7E74-4FD9-B314-69C32296213F}.Debug|Any CPU.Build.0 = Debug|Any CPU
		{11375881-7E74-4FD9-B314-69C32296213F}.Debug|x64.ActiveCfg = Debug|Any CPU
		{11375881-7E74-4FD9-B314-69C32296213F}.Debug|x64.Build.0 = Debug|Any CPU
		{11375881-7E74-4FD9-B314-69C32296213F}.Debug|x86.ActiveCfg = Debug|Any CPU
		{11375881-7E74-4FD9-B314-69C32296213F}.Debug|x86.Build.0 = Debug|Any CPU
		{11375881-7E74-4FD9-B314-69C32296213F}.Release|Any CPU.ActiveCfg = Release|Any CPU
		{11375881-7E74-4FD9-B314-69C32296213F}.Release|Any CPU.Build.0 = Release|Any CPU
		{11375881-7E74-4FD9-B314-69C32296213F}.Release|x64.ActiveCfg = Release|Any CPU
		{11375881-7E74-4FD9-B314-69C32296213F}.Release|x64.Build.0 = Release|Any CPU
		{11375881-7E74-4FD9-B314-69C32296213F}.Release|x86.ActiveCfg = Release|Any CPU
		{11375881-7E74-4FD9-B314-69C32296213F}.Release|x86.Build.0 = Release|Any CPU
		{EDA35122-AF04-4363-963B-26F8DE52C934}.Debug|Any CPU.ActiveCfg = Debug|Any CPU
		{EDA35122-AF04-4363-963B-26F8DE52C934}.Debug|Any CPU.Build.0 = Debug|Any CPU
		{EDA35122-AF04-4363-963B-26F8DE52C934}.Debug|x64.ActiveCfg = Debug|Any CPU
		{EDA35122-AF04-4363-963B-26F8DE52C934}.Debug|x64.Build.0 = Debug|Any CPU
		{EDA35122-AF04-4363-963B-26F8DE52C934}.Debug|x86.ActiveCfg = Debug|Any CPU
		{EDA35122-AF04-4363-963B-26F8DE52C934}.Debug|x86.Build.0 = Debug|Any CPU
		{EDA35122-AF04-4363-963B-26F8DE52C934}.Release|Any CPU.ActiveCfg = Release|Any CPU
		{EDA35122-AF04-4363-963B-26F8DE52C934}.Release|Any CPU.Build.0 = Release|Any CPU
		{EDA35122-AF04-4363-963B-26F8DE52C934}.Release|x64.ActiveCfg = Release|Any CPU
		{EDA35122-AF04-4363-963B-26F8DE52C934}.Release|x64.Build.0 = Release|Any CPU
		{EDA35122-AF04-4363-963B-26F8DE52C934}.Release|x86.ActiveCfg = Release|Any CPU
		{EDA35122-AF04-4363-963B-26F8DE52C934}.Release|x86.Build.0 = Release|Any CPU
		{33CDF780-6051-446B-9E6E-04D4B844CBDB}.Debug|Any CPU.ActiveCfg = Debug|Any CPU
		{33CDF780-6051-446B-9E6E-04D4B844CBDB}.Debug|Any CPU.Build.0 = Debug|Any CPU
		{33CDF780-6051-446B-9E6E-04D4B844CBDB}.Debug|x64.ActiveCfg = Debug|Any CPU
		{33CDF780-6051-446B-9E6E-04D4B844CBDB}.Debug|x64.Build.0 = Debug|Any CPU
		{33CDF780-6051-446B-9E6E-04D4B844CBDB}.Debug|x86.ActiveCfg = Debug|Any CPU
		{33CDF780-6051-446B-9E6E-04D4B844CBDB}.Debug|x86.Build.0 = Debug|Any CPU
		{33CDF780-6051-446B-9E6E-04D4B844CBDB}.Release|Any CPU.ActiveCfg = Release|Any CPU
		{33CDF780-6051-446B-9E6E-04D4B844CBDB}.Release|Any CPU.Build.0 = Release|Any CPU
		{33CDF780-6051-446B-9E6E-04D4B844CBDB}.Release|x64.ActiveCfg = Release|Any CPU
		{33CDF780-6051-446B-9E6E-04D4B844CBDB}.Release|x64.Build.0 = Release|Any CPU
		{33CDF780-6051-446B-9E6E-04D4B844CBDB}.Release|x86.ActiveCfg = Release|Any CPU
		{33CDF780-6051-446B-9E6E-04D4B844CBDB}.Release|x86.Build.0 = Release|Any CPU
		{4D67C1D7-EDD2-4AA6-AC1C-06CA54533CB2}.Debug|Any CPU.ActiveCfg = Debug|Any CPU
		{4D67C1D7-EDD2-4AA6-AC1C-06CA54533CB2}.Debug|Any CPU.Build.0 = Debug|Any CPU
		{4D67C1D7-EDD2-4AA6-AC1C-06CA54533CB2}.Debug|x64.ActiveCfg = Debug|Any CPU
		{4D67C1D7-EDD2-4AA6-AC1C-06CA54533CB2}.Debug|x64.Build.0 = Debug|Any CPU
		{4D67C1D7-EDD2-4AA6-AC1C-06CA54533CB2}.Debug|x86.ActiveCfg = Debug|Any CPU
		{4D67C1D7-EDD2-4AA6-AC1C-06CA54533CB2}.Debug|x86.Build.0 = Debug|Any CPU
		{4D67C1D7-EDD2-4AA6-AC1C-06CA54533CB2}.Release|Any CPU.ActiveCfg = Release|Any CPU
		{4D67C1D7-EDD2-4AA6-AC1C-06CA54533CB2}.Release|Any CPU.Build.0 = Release|Any CPU
		{4D67C1D7-EDD2-4AA6-AC1C-06CA54533CB2}.Release|x64.ActiveCfg = Release|Any CPU
		{4D67C1D7-EDD2-4AA6-AC1C-06CA54533CB2}.Release|x64.Build.0 = Release|Any CPU
		{4D67C1D7-EDD2-4AA6-AC1C-06CA54533CB2}.Release|x86.ActiveCfg = Release|Any CPU
		{4D67C1D7-EDD2-4AA6-AC1C-06CA54533CB2}.Release|x86.Build.0 = Release|Any CPU
		{325E67F0-993D-49A7-BD40-972C748B5221}.Debug|Any CPU.ActiveCfg = Debug|Any CPU
		{325E67F0-993D-49A7-BD40-972C748B5221}.Debug|Any CPU.Build.0 = Debug|Any CPU
		{325E67F0-993D-49A7-BD40-972C748B5221}.Debug|x64.ActiveCfg = Debug|Any CPU
		{325E67F0-993D-49A7-BD40-972C748B5221}.Debug|x64.Build.0 = Debug|Any CPU
		{325E67F0-993D-49A7-BD40-972C748B5221}.Debug|x86.ActiveCfg = Debug|Any CPU
		{325E67F0-993D-49A7-BD40-972C748B5221}.Debug|x86.Build.0 = Debug|Any CPU
		{325E67F0-993D-49A7-BD40-972C748B5221}.Release|Any CPU.ActiveCfg = Release|Any CPU
		{325E67F0-993D-49A7-BD40-972C748B5221}.Release|Any CPU.Build.0 = Release|Any CPU
		{325E67F0-993D-49A7-BD40-972C748B5221}.Release|x64.ActiveCfg = Release|Any CPU
		{325E67F0-993D-49A7-BD40-972C748B5221}.Release|x64.Build.0 = Release|Any CPU
		{325E67F0-993D-49A7-BD40-972C748B5221}.Release|x86.ActiveCfg = Release|Any CPU
		{325E67F0-993D-49A7-BD40-972C748B5221}.Release|x86.Build.0 = Release|Any CPU
		{EDDCD97A-2354-4F5B-9EC9-EF4786543005}.Debug|Any CPU.ActiveCfg = Debug|Any CPU
		{EDDCD97A-2354-4F5B-9EC9-EF4786543005}.Debug|Any CPU.Build.0 = Debug|Any CPU
		{EDDCD97A-2354-4F5B-9EC9-EF4786543005}.Debug|x64.ActiveCfg = Debug|Any CPU
		{EDDCD97A-2354-4F5B-9EC9-EF4786543005}.Debug|x64.Build.0 = Debug|Any CPU
		{EDDCD97A-2354-4F5B-9EC9-EF4786543005}.Debug|x86.ActiveCfg = Debug|Any CPU
		{EDDCD97A-2354-4F5B-9EC9-EF4786543005}.Debug|x86.Build.0 = Debug|Any CPU
		{EDDCD97A-2354-4F5B-9EC9-EF4786543005}.Release|Any CPU.ActiveCfg = Release|Any CPU
		{EDDCD97A-2354-4F5B-9EC9-EF4786543005}.Release|Any CPU.Build.0 = Release|Any CPU
		{EDDCD97A-2354-4F5B-9EC9-EF4786543005}.Release|x64.ActiveCfg = Release|Any CPU
		{EDDCD97A-2354-4F5B-9EC9-EF4786543005}.Release|x64.Build.0 = Release|Any CPU
		{EDDCD97A-2354-4F5B-9EC9-EF4786543005}.Release|x86.ActiveCfg = Release|Any CPU
		{EDDCD97A-2354-4F5B-9EC9-EF4786543005}.Release|x86.Build.0 = Release|Any CPU
	EndGlobalSection
	GlobalSection(NestedProjects) = preSolution
		{2D93D1EA-C5DF-4DB7-8B0E-D405E6389B80} = {4D51C0C7-2D0C-4A48-9F3E-607F5E13988F}
		{CDA6DD1E-5D0D-43A9-B570-49695E6BB154} = {4D51C0C7-2D0C-4A48-9F3E-607F5E13988F}
		{435E470B-3C26-4DBF-A232-F1F88FF3FA52} = {4D51C0C7-2D0C-4A48-9F3E-607F5E13988F}
		{1F67BD34-B720-4F1B-ACC0-58DA872808C3} = {4D51C0C7-2D0C-4A48-9F3E-607F5E13988F}
		{11375881-7E74-4FD9-B314-69C32296213F} = {4D51C0C7-2D0C-4A48-9F3E-607F5E13988F}
		{EDA35122-AF04-4363-963B-26F8DE52C934} = {4D51C0C7-2D0C-4A48-9F3E-607F5E13988F}
		{4D67C1D7-EDD2-4AA6-AC1C-06CA54533CB2} = {71F30094-41AD-4976-90B0-6F262834EA24}
		{325E67F0-993D-49A7-BD40-972C748B5221} = {71F30094-41AD-4976-90B0-6F262834EA24}
		{EDDCD97A-2354-4F5B-9EC9-EF4786543005} = {71F30094-41AD-4976-90B0-6F262834EA24}
	EndGlobalSection
EndGlobal
